PODS:
  - Alamofire (5.0.0-beta.3)
  - Bolts (1.9.0):
    - Bolts/AppLinks (= 1.9.0)
    - Bolts/Tasks (= 1.9.0)
  - Bolts/AppLinks (1.9.0):
    - Bolts/Tasks
  - Bolts/Tasks (1.9.0)
  - FBSDKCoreKit (4.42.0):
    - Bolts (~> 1.9)
  - FBSDKLoginKit (4.42.0):
    - FBSDKCoreKit
  - FBSDKShareKit (4.42.0):
    - FBSDKCoreKit
  - Stripe (15.0.0)
  - SwiftyJSON (4.2.0)

DEPENDENCIES:
  - Alamofire (from `https://github.com/Alamofire/Alamofire.git`)
  - FBSDKCoreKit
  - FBSDKLoginKit
  - FBSDKShareKit
  - Stripe
  - SwiftyJSON (from `https://github.com/SwiftyJSON/SwiftyJSON.git`)

SPEC REPOS:
  https://github.com/cocoapods/specs.git:
    - Bolts
    - FBSDKCoreKit
    - FBSDKLoginKit
    - FBSDKShareKit
    - Stripe

EXTERNAL SOURCES:
  Alamofire:
    :git: https://github.com/Alamofire/Alamofire.git
  SwiftyJSON:
    :git: https://github.com/SwiftyJSON/SwiftyJSON.git

CHECKOUT OPTIONS:
  Alamofire:
    :commit: 34b43bd7e8710cec99b494f808fb40f6cd863718
    :git: https://github.com/Alamofire/Alamofire.git
  SwiftyJSON:
    :commit: 3f6f1d32df6e5f334593682b20bb829e48bffbee
    :git: https://github.com/SwiftyJSON/SwiftyJSON.git

SPEC CHECKSUMS:
  Alamofire: 50d6fa7e8cbe7f84559e86ab641ffd029db655f8
  Bolts: ac6567323eac61e203f6a9763667d0f711be34c8
  FBSDKCoreKit: aa42f1c384775f8b075f53a43080474278e9701d
  FBSDKLoginKit: 373830c68aa48c9e8f0bfed93a3e32d2ca8963a0
  FBSDKShareKit: 387749259d79e4070ebb304b3fd256e4b4bc4298
  Stripe: 312b22a67af9fa55c246d26148b3f3a9636a0ff2
  SwiftyJSON: c4bcba26dd9ec7a027fc8eade48e2c911f229e96

PODFILE CHECKSUM: 303a2458630ed1079ff7a53164c357eabcb33295

COCOAPODS: 1.6.1
