PODS:
  - Alamofire (5.0.0-beta.4)
  - Bolts (1.9.0):
    - Bolts/AppLinks (= 1.9.0)
    - Bolts/Tasks (= 1.9.0)
  - Bolts/AppLinks (1.9.0):
    - Bolts/Tasks
  - Bolts/Tasks (1.9.0)
  - Charts (3.2.2):
    - Charts/Core (= 3.2.2)
  - Charts/Core (3.2.2)
  - FacebookCore (0.6.0):
    - Bolts (~> 1.9)
    - FBSDKCoreKit (~> 4.43)
  - FacebookLogin (0.6.0):
    - Bolts (~> 1.9)
    - FacebookCore (~> 0.5)
    - FBSDKCoreKit (~> 4.43)
    - FBSDKLoginKit (~> 4.43)
  - FacebookShare (0.6.1):
    - Bolts (~> 1.9)
    - FacebookCore (~> 0.5)
    - FBSDKCoreKit (~> 4.43)
    - FBSDKShareKit (~> 4.43)
  - FBSDKCoreKit (4.44.0):
    - Bolts (~> 1.9)
  - FBSDKLoginKit (4.44.0):
    - FBSDKCoreKit
  - FBSDKShareKit (4.44.0):
    - FBSDKCoreKit
  - Stripe (15.0.0)
  - SwiftyJSON (4.3.0)

DEPENDENCIES:
  - Alamofire (~> 5.0.0-beta.3)
  - Bolts
  - Charts (from `https://github.com/danielgindi/Charts.git`)
  - FacebookCore
  - FacebookLogin
  - FacebookShare
  - FBSDKCoreKit
  - FBSDKLoginKit
  - FBSDKShareKit
  - Stripe
  - SwiftyJSON (~> 4.0)

SPEC REPOS:
  https://github.com/cocoapods/specs.git:
    - Alamofire
    - Bolts
    - FacebookCore
    - FacebookLogin
    - FacebookShare
    - FBSDKCoreKit
    - FBSDKLoginKit
    - FBSDKShareKit
    - Stripe
    - SwiftyJSON

EXTERNAL SOURCES:
  Charts:
    :git: https://github.com/danielgindi/Charts.git

CHECKOUT OPTIONS:
  Charts:
    :commit: 13623d0239f170270952397614c1fc676d538cb8
    :git: https://github.com/danielgindi/Charts.git

SPEC CHECKSUMS:
  Alamofire: 6458d95477bc40adf10129f22c67cfb014162dc8
  Bolts: ac6567323eac61e203f6a9763667d0f711be34c8
  Charts: f69cf0518b6d1d62608ca504248f1bbe0b6ae77e
  FacebookCore: 38cd3a4078738d6f648eb9b6b9d35b02d693e9a1
  FacebookLogin: 658b0569961a081a0890f5f4dbf69ced00657d9e
  FacebookShare: 84bccbc222fc09c839b851925ad6c295a4ab7840
  FBSDKCoreKit: 8bcd4503afe43f28823c2175a6142a7f50f1bf28
  FBSDKLoginKit: 93c5a407ab1a6a17b1b38cff57e89991f714d878
  FBSDKShareKit: 3c602da4b40337c94df9372f3329a1eab03acdec
  Stripe: 312b22a67af9fa55c246d26148b3f3a9636a0ff2
  SwiftyJSON: 6faa0040f8b59dead0ee07436cbf76b73c08fd08

PODFILE CHECKSUM: 138e5c0c8c477e632210255437733bedb11efe34

COCOAPODS: 1.6.1
