// !$*UTF8*$!
{
	archiveVersion = 1;
	classes = {
	};
	objectVersion = 50;
	objects = {

/* Begin PBXBuildFile section */
		522D9A6B0D2048E7488EFCC8 /* Pods_DeliveryMobile.framework in Frameworks */ = {isa = PBXBuildFile; fileRef = 8D90136F28F9F32BC5B17C30 /* Pods_DeliveryMobile.framework */; };
		8D151614225338E0006525A5 /* Restaunrant.swift in Sources */ = {isa = PBXBuildFile; fileRef = 8D151613225338E0006525A5 /* Restaunrant.swift */; };
		8D1550432226558400C0F159 /* PaymentViewController.swift in Sources */ = {isa = PBXBuildFile; fileRef = 8D1550422226558400C0F159 /* PaymentViewController.swift */; };
		8D15504522265F8500C0F159 /* OrderViewController.swift in Sources */ = {isa = PBXBuildFile; fileRef = 8D15504422265F8500C0F159 /* OrderViewController.swift */; };
		8D1550482226724600C0F159 /* FBManager.swift in Sources */ = {isa = PBXBuildFile; fileRef = 8D1550472226724600C0F159 /* FBManager.swift */; };
		8D15504A2226795B00C0F159 /* LoginViewController.swift in Sources */ = {isa = PBXBuildFile; fileRef = 8D1550492226795B00C0F159 /* LoginViewController.swift */; };
		8D311F8B2253A16A00ADDC04 /* RestanrantViewCell.swift in Sources */ = {isa = PBXBuildFile; fileRef = 8D311F8A2253A16A00ADDC04 /* RestanrantViewCell.swift */; };
		8D5962FA22545D150068C73E /* Meal.swift in Sources */ = {isa = PBXBuildFile; fileRef = 8D5962F922545D150068C73E /* Meal.swift */; };
		8D5962FC22545EEC0068C73E /* MealViewCell.swift in Sources */ = {isa = PBXBuildFile; fileRef = 8D5962FB22545EEC0068C73E /* MealViewCell.swift */; };
		8D5CBEDF2254A7A1000EEF14 /* File.swift in Sources */ = {isa = PBXBuildFile; fileRef = 8D5CBEDE2254A7A1000EEF14 /* File.swift */; };
		8D7A53C8222D743E004B6618 /* User.swift in Sources */ = {isa = PBXBuildFile; fileRef = 8D7A53C7222D743E004B6618 /* User.swift */; };
		8D7F1BD82225753200E17A10 /* AppDelegate.swift in Sources */ = {isa = PBXBuildFile; fileRef = 8D7F1BD72225753200E17A10 /* AppDelegate.swift */; };
		8D7F1BDD2225753200E17A10 /* Main.storyboard in Resources */ = {isa = PBXBuildFile; fileRef = 8D7F1BDB2225753200E17A10 /* Main.storyboard */; };
		8D7F1BDF2225753400E17A10 /* Assets.xcassets in Resources */ = {isa = PBXBuildFile; fileRef = 8D7F1BDE2225753400E17A10 /* Assets.xcassets */; };
		8D7F1BE22225753400E17A10 /* LaunchScreen.storyboard in Resources */ = {isa = PBXBuildFile; fileRef = 8D7F1BE02225753400E17A10 /* LaunchScreen.storyboard */; };
		8D7F1BEC22257D6100E17A10 /* SWRevealViewController.m in Sources */ = {isa = PBXBuildFile; fileRef = 8D7F1BEB22257D6100E17A10 /* SWRevealViewController.m */; };
		8D7F1BF022258B8300E17A10 /* RestaurantViewController.swift in Sources */ = {isa = PBXBuildFile; fileRef = 8D7F1BEF22258B8300E17A10 /* RestaurantViewController.swift */; };
		8D7F1BF222258F0100E17A10 /* CustomerMenuTableViewController.swift in Sources */ = {isa = PBXBuildFile; fileRef = 8D7F1BF122258F0100E17A10 /* CustomerMenuTableViewController.swift */; };
		8D7F1BF42225931300E17A10 /* MealListTableViewController.swift in Sources */ = {isa = PBXBuildFile; fileRef = 8D7F1BF32225931300E17A10 /* MealListTableViewController.swift */; };
		8D9F66122254821600B44CC4 /* Helpers.swift in Sources */ = {isa = PBXBuildFile; fileRef = 8D9F66112254821600B44CC4 /* Helpers.swift */; };
		8DC2EF312243CF5B004BA742 /* APIManager.swift in Sources */ = {isa = PBXBuildFile; fileRef = 8DC2EF302243CF5B004BA742 /* APIManager.swift */; };
		8DC2EF332243D3A8004BA742 /* Constants.swift in Sources */ = {isa = PBXBuildFile; fileRef = 8DC2EF322243D3A8004BA742 /* Constants.swift */; };
		8DE1564C2226349800973816 /* MealDetailsViewController.swift in Sources */ = {isa = PBXBuildFile; fileRef = 8DE1564B2226349800973816 /* MealDetailsViewController.swift */; };
		8DE1564E22264E5700973816 /* TrayViewController.swift in Sources */ = {isa = PBXBuildFile; fileRef = 8DE1564D22264E5700973816 /* TrayViewController.swift */; };
		8DE1565122264F4E00973816 /* MapKit.framework in Frameworks */ = {isa = PBXBuildFile; fileRef = 8DE1565022264F4E00973816 /* MapKit.framework */; };
/* End PBXBuildFile section */

/* Begin PBXFileReference section */
		2FAB5048E3BFA63C06F921C7 /* Pods-DeliveryMobile.release.xcconfig */ = {isa = PBXFileReference; includeInIndex = 1; lastKnownFileType = text.xcconfig; name = "Pods-DeliveryMobile.release.xcconfig"; path = "Target Support Files/Pods-DeliveryMobile/Pods-DeliveryMobile.release.xcconfig"; sourceTree = "<group>"; };
		600C28598C85037DFEB89A4F /* Pods-DeliveryMobile.debug.xcconfig */ = {isa = PBXFileReference; includeInIndex = 1; lastKnownFileType = text.xcconfig; name = "Pods-DeliveryMobile.debug.xcconfig"; path = "Target Support Files/Pods-DeliveryMobile/Pods-DeliveryMobile.debug.xcconfig"; sourceTree = "<group>"; };
		8D151613225338E0006525A5 /* Restaunrant.swift */ = {isa = PBXFileReference; lastKnownFileType = sourcecode.swift; path = Restaunrant.swift; sourceTree = "<group>"; };
		8D1550422226558400C0F159 /* PaymentViewController.swift */ = {isa = PBXFileReference; lastKnownFileType = sourcecode.swift; path = PaymentViewController.swift; sourceTree = "<group>"; };
		8D15504422265F8500C0F159 /* OrderViewController.swift */ = {isa = PBXFileReference; lastKnownFileType = sourcecode.swift; path = OrderViewController.swift; sourceTree = "<group>"; };
		8D15504622266EF600C0F159 /* DeliveryMobile.entitlements */ = {isa = PBXFileReference; lastKnownFileType = text.plist.entitlements; path = DeliveryMobile.entitlements; sourceTree = "<group>"; };
		8D1550472226724600C0F159 /* FBManager.swift */ = {isa = PBXFileReference; lastKnownFileType = sourcecode.swift; path = FBManager.swift; sourceTree = "<group>"; };
		8D1550492226795B00C0F159 /* LoginViewController.swift */ = {isa = PBXFileReference; lastKnownFileType = sourcecode.swift; path = LoginViewController.swift; sourceTree = "<group>"; };
		8D311F8A2253A16A00ADDC04 /* RestanrantViewCell.swift */ = {isa = PBXFileReference; lastKnownFileType = sourcecode.swift; path = RestanrantViewCell.swift; sourceTree = "<group>"; };
		8D5962F922545D150068C73E /* Meal.swift */ = {isa = PBXFileReference; lastKnownFileType = sourcecode.swift; path = Meal.swift; sourceTree = "<group>"; };
		8D5962FB22545EEC0068C73E /* MealViewCell.swift */ = {isa = PBXFileReference; lastKnownFileType = sourcecode.swift; path = MealViewCell.swift; sourceTree = "<group>"; };
		8D5CBEDE2254A7A1000EEF14 /* File.swift */ = {isa = PBXFileReference; lastKnownFileType = sourcecode.swift; path = File.swift; sourceTree = "<group>"; };
		8D7A53C7222D743E004B6618 /* User.swift */ = {isa = PBXFileReference; lastKnownFileType = sourcecode.swift; path = User.swift; sourceTree = "<group>"; };
		8D7F1BD42225753200E17A10 /* DeliveryMobile.app */ = {isa = PBXFileReference; explicitFileType = wrapper.application; includeInIndex = 0; path = DeliveryMobile.app; sourceTree = BUILT_PRODUCTS_DIR; };
		8D7F1BD72225753200E17A10 /* AppDelegate.swift */ = {isa = PBXFileReference; lastKnownFileType = sourcecode.swift; path = AppDelegate.swift; sourceTree = "<group>"; };
		8D7F1BDC2225753200E17A10 /* Base */ = {isa = PBXFileReference; lastKnownFileType = file.storyboard; name = Base; path = Base.lproj/Main.storyboard; sourceTree = "<group>"; };
		8D7F1BDE2225753400E17A10 /* Assets.xcassets */ = {isa = PBXFileReference; lastKnownFileType = folder.assetcatalog; path = Assets.xcassets; sourceTree = "<group>"; };
		8D7F1BE12225753400E17A10 /* Base */ = {isa = PBXFileReference; lastKnownFileType = file.storyboard; name = Base; path = Base.lproj/LaunchScreen.storyboard; sourceTree = "<group>"; };
		8D7F1BE32225753400E17A10 /* Info.plist */ = {isa = PBXFileReference; lastKnownFileType = text.plist.xml; path = Info.plist; sourceTree = "<group>"; };
		8D7F1BEA22257D6100E17A10 /* SWRevealViewController.h */ = {isa = PBXFileReference; fileEncoding = 4; lastKnownFileType = sourcecode.c.h; path = SWRevealViewController.h; sourceTree = "<group>"; };
		8D7F1BEB22257D6100E17A10 /* SWRevealViewController.m */ = {isa = PBXFileReference; fileEncoding = 4; lastKnownFileType = sourcecode.c.objc; path = SWRevealViewController.m; sourceTree = "<group>"; };
		8D7F1BEE222589E100E17A10 /* DeliveryMobile-Bridging-Header.h */ = {isa = PBXFileReference; lastKnownFileType = sourcecode.c.h; path = "DeliveryMobile-Bridging-Header.h"; sourceTree = "<group>"; };
		8D7F1BEF22258B8300E17A10 /* RestaurantViewController.swift */ = {isa = PBXFileReference; lastKnownFileType = sourcecode.swift; path = RestaurantViewController.swift; sourceTree = "<group>"; };
		8D7F1BF122258F0100E17A10 /* CustomerMenuTableViewController.swift */ = {isa = PBXFileReference; lastKnownFileType = sourcecode.swift; path = CustomerMenuTableViewController.swift; sourceTree = "<group>"; };
		8D7F1BF32225931300E17A10 /* MealListTableViewController.swift */ = {isa = PBXFileReference; lastKnownFileType = sourcecode.swift; path = MealListTableViewController.swift; sourceTree = "<group>"; };
		8D90136F28F9F32BC5B17C30 /* Pods_DeliveryMobile.framework */ = {isa = PBXFileReference; explicitFileType = wrapper.framework; includeInIndex = 0; path = Pods_DeliveryMobile.framework; sourceTree = BUILT_PRODUCTS_DIR; };
		8D9F66112254821600B44CC4 /* Helpers.swift */ = {isa = PBXFileReference; lastKnownFileType = sourcecode.swift; path = Helpers.swift; sourceTree = "<group>"; };
		8DC2EF302243CF5B004BA742 /* APIManager.swift */ = {isa = PBXFileReference; lastKnownFileType = sourcecode.swift; path = APIManager.swift; sourceTree = "<group>"; };
		8DC2EF322243D3A8004BA742 /* Constants.swift */ = {isa = PBXFileReference; lastKnownFileType = sourcecode.swift; path = Constants.swift; sourceTree = "<group>"; };
		8DE1564B2226349800973816 /* MealDetailsViewController.swift */ = {isa = PBXFileReference; lastKnownFileType = sourcecode.swift; path = MealDetailsViewController.swift; sourceTree = "<group>"; };
		8DE1564D22264E5700973816 /* TrayViewController.swift */ = {isa = PBXFileReference; lastKnownFileType = sourcecode.swift; path = TrayViewController.swift; sourceTree = "<group>"; };
		8DE1565022264F4E00973816 /* MapKit.framework */ = {isa = PBXFileReference; lastKnownFileType = wrapper.framework; name = MapKit.framework; path = System/Library/Frameworks/MapKit.framework; sourceTree = SDKROOT; };
/* End PBXFileReference section */

/* Begin PBXFrameworksBuildPhase section */
		8D7F1BD12225753200E17A10 /* Frameworks */ = {
			isa = PBXFrameworksBuildPhase;
			buildActionMask = 2147483647;
			files = (
				8DE1565122264F4E00973816 /* MapKit.framework in Frameworks */,
				522D9A6B0D2048E7488EFCC8 /* Pods_DeliveryMobile.framework in Frameworks */,
			);
			runOnlyForDeploymentPostprocessing = 0;
		};
/* End PBXFrameworksBuildPhase section */

/* Begin PBXGroup section */
		8D7F1BCB2225753200E17A10 = {
			isa = PBXGroup;
			children = (
				8D7F1BD62225753200E17A10 /* DeliveryMobile */,
				8D7F1BD52225753200E17A10 /* Products */,
				8DE1564F22264F4E00973816 /* Frameworks */,
				E8B15ED3CCF779BE1433F3B2 /* Pods */,
			);
			sourceTree = "<group>";
		};
		8D7F1BD52225753200E17A10 /* Products */ = {
			isa = PBXGroup;
			children = (
				8D7F1BD42225753200E17A10 /* DeliveryMobile.app */,
			);
			name = Products;
			sourceTree = "<group>";
		};
		8D7F1BD62225753200E17A10 /* DeliveryMobile */ = {
			isa = PBXGroup;
			children = (
				8DC2EF2F2243CED5004BA742 /* Manager */,
				8DC2EF2E2243CEC9004BA742 /* Controller */,
				8DC2EF2D2243CEC3004BA742 /* View */,
				8DC2EF2C2243CEB8004BA742 /* Model */,
				8D15504622266EF600C0F159 /* DeliveryMobile.entitlements */,
				8D7F1BED22257D7F00E17A10 /* Lib */,
				8D7F1BD72225753200E17A10 /* AppDelegate.swift */,
				8D7F1BDB2225753200E17A10 /* Main.storyboard */,
				8D7F1BDE2225753400E17A10 /* Assets.xcassets */,
				8D7F1BE02225753400E17A10 /* LaunchScreen.storyboard */,
				8D7F1BE32225753400E17A10 /* Info.plist */,
				8D7F1BEE222589E100E17A10 /* DeliveryMobile-Bridging-Header.h */,
			);
			path = DeliveryMobile;
			sourceTree = "<group>";
		};
		8D7F1BED22257D7F00E17A10 /* Lib */ = {
			isa = PBXGroup;
			children = (
				8D7F1BEA22257D6100E17A10 /* SWRevealViewController.h */,
				8D7F1BEB22257D6100E17A10 /* SWRevealViewController.m */,
			);
			path = Lib;
			sourceTree = "<group>";
		};
		8DC2EF2C2243CEB8004BA742 /* Model */ = {
			isa = PBXGroup;
			children = (
				8D7A53C7222D743E004B6618 /* User.swift */,
				8D151613225338E0006525A5 /* Restaunrant.swift */,
				8D5962F922545D150068C73E /* Meal.swift */,
				8D5CBEDE2254A7A1000EEF14 /* File.swift */,
			);
			path = Model;
			sourceTree = "<group>";
		};
		8DC2EF2D2243CEC3004BA742 /* View */ = {
			isa = PBXGroup;
			children = (
				8D311F8A2253A16A00ADDC04 /* RestanrantViewCell.swift */,
				8D5962FB22545EEC0068C73E /* MealViewCell.swift */,
			);
			path = View;
			sourceTree = "<group>";
		};
		8DC2EF2E2243CEC9004BA742 /* Controller */ = {
			isa = PBXGroup;
			children = (
				8D7F1BEF22258B8300E17A10 /* RestaurantViewController.swift */,
				8D7F1BF122258F0100E17A10 /* CustomerMenuTableViewController.swift */,
				8D7F1BF32225931300E17A10 /* MealListTableViewController.swift */,
				8DE1564B2226349800973816 /* MealDetailsViewController.swift */,
				8DE1564D22264E5700973816 /* TrayViewController.swift */,
				8D1550422226558400C0F159 /* PaymentViewController.swift */,
				8D15504422265F8500C0F159 /* OrderViewController.swift */,
				8D1550492226795B00C0F159 /* LoginViewController.swift */,
			);
			path = Controller;
			sourceTree = "<group>";
		};
		8DC2EF2F2243CED5004BA742 /* Manager */ = {
			isa = PBXGroup;
			children = (
				8D1550472226724600C0F159 /* FBManager.swift */,
				8DC2EF302243CF5B004BA742 /* APIManager.swift */,
				8DC2EF322243D3A8004BA742 /* Constants.swift */,
				8D9F66112254821600B44CC4 /* Helpers.swift */,
			);
			path = Manager;
			sourceTree = "<group>";
		};
		8DE1564F22264F4E00973816 /* Frameworks */ = {
			isa = PBXGroup;
			children = (
				8DE1565022264F4E00973816 /* MapKit.framework */,
				8D90136F28F9F32BC5B17C30 /* Pods_DeliveryMobile.framework */,
			);
			name = Frameworks;
			sourceTree = "<group>";
		};
		E8B15ED3CCF779BE1433F3B2 /* Pods */ = {
			isa = PBXGroup;
			children = (
				600C28598C85037DFEB89A4F /* Pods-DeliveryMobile.debug.xcconfig */,
				2FAB5048E3BFA63C06F921C7 /* Pods-DeliveryMobile.release.xcconfig */,
			);
			path = Pods;
			sourceTree = "<group>";
		};
/* End PBXGroup section */

/* Begin PBXNativeTarget section */
		8D7F1BD32225753200E17A10 /* DeliveryMobile */ = {
			isa = PBXNativeTarget;
			buildConfigurationList = 8D7F1BE62225753400E17A10 /* Build configuration list for PBXNativeTarget "DeliveryMobile" */;
			buildPhases = (
				B7660FFCD352762C270DF422 /* [CP] Check Pods Manifest.lock */,
				8D7F1BD02225753200E17A10 /* Sources */,
				8D7F1BD12225753200E17A10 /* Frameworks */,
				8D7F1BD22225753200E17A10 /* Resources */,
				5381F6A004498958D5C032F2 /* [CP] Embed Pods Frameworks */,
			);
			buildRules = (
			);
			dependencies = (
			);
			name = DeliveryMobile;
			productName = DeliveryMobile;
			productReference = 8D7F1BD42225753200E17A10 /* DeliveryMobile.app */;
			productType = "com.apple.product-type.application";
		};
/* End PBXNativeTarget section */

/* Begin PBXProject section */
		8D7F1BCC2225753200E17A10 /* Project object */ = {
			isa = PBXProject;
			attributes = {
				LastSwiftUpdateCheck = 1010;
				LastUpgradeCheck = 1010;
				ORGANIZATIONNAME = "Cuong Pham";
				TargetAttributes = {
					8D7F1BD32225753200E17A10 = {
						CreatedOnToolsVersion = 10.1;
						LastSwiftMigration = 1020;
						SystemCapabilities = {
							com.apple.Keychain = {
								enabled = 1;
							};
							com.apple.Maps.iOS = {
								enabled = 1;
							};
						};
					};
				};
			};
			buildConfigurationList = 8D7F1BCF2225753200E17A10 /* Build configuration list for PBXProject "DeliveryMobile" */;
			compatibilityVersion = "Xcode 9.3";
			developmentRegion = en;
			hasScannedForEncodings = 0;
			knownRegions = (
				en,
				Base,
			);
			mainGroup = 8D7F1BCB2225753200E17A10;
			productRefGroup = 8D7F1BD52225753200E17A10 /* Products */;
			projectDirPath = "";
			projectRoot = "";
			targets = (
				8D7F1BD32225753200E17A10 /* DeliveryMobile */,
			);
		};
/* End PBXProject section */

/* Begin PBXResourcesBuildPhase section */
		8D7F1BD22225753200E17A10 /* Resources */ = {
			isa = PBXResourcesBuildPhase;
			buildActionMask = 2147483647;
			files = (
				8D7F1BE22225753400E17A10 /* LaunchScreen.storyboard in Resources */,
				8D7F1BDF2225753400E17A10 /* Assets.xcassets in Resources */,
				8D7F1BDD2225753200E17A10 /* Main.storyboard in Resources */,
			);
			runOnlyForDeploymentPostprocessing = 0;
		};
/* End PBXResourcesBuildPhase section */

/* Begin PBXShellScriptBuildPhase section */
		5381F6A004498958D5C032F2 /* [CP] Embed Pods Frameworks */ = {
			isa = PBXShellScriptBuildPhase;
			buildActionMask = 2147483647;
			files = (
			);
			inputFileListPaths = (
			);
			inputPaths = (
				"${PODS_ROOT}/Target Support Files/Pods-DeliveryMobile/Pods-DeliveryMobile-frameworks.sh",
				"${BUILT_PRODUCTS_DIR}/Alamofire/Alamofire.framework",
				"${BUILT_PRODUCTS_DIR}/Bolts/Bolts.framework",
				"${BUILT_PRODUCTS_DIR}/FBSDKCoreKit/FBSDKCoreKit.framework",
				"${BUILT_PRODUCTS_DIR}/FBSDKLoginKit/FBSDKLoginKit.framework",
				"${BUILT_PRODUCTS_DIR}/FBSDKShareKit/FBSDKShareKit.framework",
				"${BUILT_PRODUCTS_DIR}/FacebookCore/FacebookCore.framework",
				"${BUILT_PRODUCTS_DIR}/FacebookLogin/FacebookLogin.framework",
				"${BUILT_PRODUCTS_DIR}/FacebookShare/FacebookShare.framework",
				"${BUILT_PRODUCTS_DIR}/Stripe/Stripe.framework",
				"${BUILT_PRODUCTS_DIR}/SwiftyJSON/SwiftyJSON.framework",
			);
			name = "[CP] Embed Pods Frameworks";
			outputFileListPaths = (
			);
			outputPaths = (
				"${TARGET_BUILD_DIR}/${FRAMEWORKS_FOLDER_PATH}/Alamofire.framework",
				"${TARGET_BUILD_DIR}/${FRAMEWORKS_FOLDER_PATH}/Bolts.framework",
				"${TARGET_BUILD_DIR}/${FRAMEWORKS_FOLDER_PATH}/FBSDKCoreKit.framework",
				"${TARGET_BUILD_DIR}/${FRAMEWORKS_FOLDER_PATH}/FBSDKLoginKit.framework",
				"${TARGET_BUILD_DIR}/${FRAMEWORKS_FOLDER_PATH}/FBSDKShareKit.framework",
				"${TARGET_BUILD_DIR}/${FRAMEWORKS_FOLDER_PATH}/FacebookCore.framework",
				"${TARGET_BUILD_DIR}/${FRAMEWORKS_FOLDER_PATH}/FacebookLogin.framework",
				"${TARGET_BUILD_DIR}/${FRAMEWORKS_FOLDER_PATH}/FacebookShare.framework",
				"${TARGET_BUILD_DIR}/${FRAMEWORKS_FOLDER_PATH}/Stripe.framework",
				"${TARGET_BUILD_DIR}/${FRAMEWORKS_FOLDER_PATH}/SwiftyJSON.framework",
			);
			runOnlyForDeploymentPostprocessing = 0;
			shellPath = /bin/sh;
			shellScript = "\"${PODS_ROOT}/Target Support Files/Pods-DeliveryMobile/Pods-DeliveryMobile-frameworks.sh\"\n";
			showEnvVarsInLog = 0;
		};
		B7660FFCD352762C270DF422 /* [CP] Check Pods Manifest.lock */ = {
			isa = PBXShellScriptBuildPhase;
			buildActionMask = 2147483647;
			files = (
			);
			inputFileListPaths = (
			);
			inputPaths = (
				"${PODS_PODFILE_DIR_PATH}/Podfile.lock",
				"${PODS_ROOT}/Manifest.lock",
			);
			name = "[CP] Check Pods Manifest.lock";
			outputFileListPaths = (
			);
			outputPaths = (
				"$(DERIVED_FILE_DIR)/Pods-DeliveryMobile-checkManifestLockResult.txt",
			);
			runOnlyForDeploymentPostprocessing = 0;
			shellPath = /bin/sh;
			shellScript = "diff \"${PODS_PODFILE_DIR_PATH}/Podfile.lock\" \"${PODS_ROOT}/Manifest.lock\" > /dev/null\nif [ $? != 0 ] ; then\n    # print error to STDERR\n    echo \"error: The sandbox is not in sync with the Podfile.lock. Run 'pod install' or update your CocoaPods installation.\" >&2\n    exit 1\nfi\n# This output is used by Xcode 'outputs' to avoid re-running this script phase.\necho \"SUCCESS\" > \"${SCRIPT_OUTPUT_FILE_0}\"\n";
			showEnvVarsInLog = 0;
		};
/* End PBXShellScriptBuildPhase section */

/* Begin PBXSourcesBuildPhase section */
		8D7F1BD02225753200E17A10 /* Sources */ = {
			isa = PBXSourcesBuildPhase;
			buildActionMask = 2147483647;
			files = (
				8D311F8B2253A16A00ADDC04 /* RestanrantViewCell.swift in Sources */,
				8D9F66122254821600B44CC4 /* Helpers.swift in Sources */,
				8D151614225338E0006525A5 /* Restaunrant.swift in Sources */,
				8D7A53C8222D743E004B6618 /* User.swift in Sources */,
				8D5962FA22545D150068C73E /* Meal.swift in Sources */,
				8D5CBEDF2254A7A1000EEF14 /* File.swift in Sources */,
				8D15504A2226795B00C0F159 /* LoginViewController.swift in Sources */,
				8D1550482226724600C0F159 /* FBManager.swift in Sources */,
				8D15504522265F8500C0F159 /* OrderViewController.swift in Sources */,
				8DE1564C2226349800973816 /* MealDetailsViewController.swift in Sources */,
				8DE1564E22264E5700973816 /* TrayViewController.swift in Sources */,
				8D7F1BF022258B8300E17A10 /* RestaurantViewController.swift in Sources */,
				8D7F1BF42225931300E17A10 /* MealListTableViewController.swift in Sources */,
				8D7F1BD82225753200E17A10 /* AppDelegate.swift in Sources */,
				8D7F1BF222258F0100E17A10 /* CustomerMenuTableViewController.swift in Sources */,
				8D5962FC22545EEC0068C73E /* MealViewCell.swift in Sources */,
				8DC2EF312243CF5B004BA742 /* APIManager.swift in Sources */,
				8DC2EF332243D3A8004BA742 /* Constants.swift in Sources */,
				8D1550432226558400C0F159 /* PaymentViewController.swift in Sources */,
				8D7F1BEC22257D6100E17A10 /* SWRevealViewController.m in Sources */,
			);
			runOnlyForDeploymentPostprocessing = 0;
		};
/* End PBXSourcesBuildPhase section */

/* Begin PBXVariantGroup section */
		8D7F1BDB2225753200E17A10 /* Main.storyboard */ = {
			isa = PBXVariantGroup;
			children = (
				8D7F1BDC2225753200E17A10 /* Base */,
			);
			name = Main.storyboard;
			sourceTree = "<group>";
		};
		8D7F1BE02225753400E17A10 /* LaunchScreen.storyboard */ = {
			isa = PBXVariantGroup;
			children = (
				8D7F1BE12225753400E17A10 /* Base */,
			);
			name = LaunchScreen.storyboard;
			sourceTree = "<group>";
		};
/* End PBXVariantGroup section */

/* Begin XCBuildConfiguration section */
		8D7F1BE42225753400E17A10 /* Debug */ = {
			isa = XCBuildConfiguration;
			buildSettings = {
				ALWAYS_SEARCH_USER_PATHS = NO;
				CLANG_ANALYZER_NONNULL = YES;
				CLANG_ANALYZER_NUMBER_OBJECT_CONVERSION = YES_AGGRESSIVE;
				CLANG_CXX_LANGUAGE_STANDARD = "gnu++14";
				CLANG_CXX_LIBRARY = "libc++";
				CLANG_ENABLE_MODULES = YES;
				CLANG_ENABLE_OBJC_ARC = YES;
				CLANG_ENABLE_OBJC_WEAK = YES;
				CLANG_WARN_BLOCK_CAPTURE_AUTORELEASING = YES;
				CLANG_WARN_BOOL_CONVERSION = YES;
				CLANG_WARN_COMMA = YES;
				CLANG_WARN_CONSTANT_CONVERSION = YES;
				CLANG_WARN_DEPRECATED_OBJC_IMPLEMENTATIONS = YES;
				CLANG_WARN_DIRECT_OBJC_ISA_USAGE = YES_ERROR;
				CLANG_WARN_DOCUMENTATION_COMMENTS = YES;
				CLANG_WARN_EMPTY_BODY = YES;
				CLANG_WARN_ENUM_CONVERSION = YES;
				CLANG_WARN_INFINITE_RECURSION = YES;
				CLANG_WARN_INT_CONVERSION = YES;
				CLANG_WARN_NON_LITERAL_NULL_CONVERSION = YES;
				CLANG_WARN_OBJC_IMPLICIT_RETAIN_SELF = YES;
				CLANG_WARN_OBJC_LITERAL_CONVERSION = YES;
				CLANG_WARN_OBJC_ROOT_CLASS = YES_ERROR;
				CLANG_WARN_RANGE_LOOP_ANALYSIS = YES;
				CLANG_WARN_STRICT_PROTOTYPES = YES;
				CLANG_WARN_SUSPICIOUS_MOVE = YES;
				CLANG_WARN_UNGUARDED_AVAILABILITY = YES_AGGRESSIVE;
				CLANG_WARN_UNREACHABLE_CODE = YES;
				CLANG_WARN__DUPLICATE_METHOD_MATCH = YES;
				CODE_SIGN_IDENTITY = "iPhone Developer";
				COPY_PHASE_STRIP = NO;
				DEBUG_INFORMATION_FORMAT = dwarf;
				ENABLE_STRICT_OBJC_MSGSEND = YES;
				ENABLE_TESTABILITY = YES;
				GCC_C_LANGUAGE_STANDARD = gnu11;
				GCC_DYNAMIC_NO_PIC = NO;
				GCC_NO_COMMON_BLOCKS = YES;
				GCC_OPTIMIZATION_LEVEL = 0;
				GCC_PREPROCESSOR_DEFINITIONS = (
					"DEBUG=1",
					"$(inherited)",
				);
				GCC_WARN_64_TO_32_BIT_CONVERSION = YES;
				GCC_WARN_ABOUT_RETURN_TYPE = YES_ERROR;
				GCC_WARN_UNDECLARED_SELECTOR = YES;
				GCC_WARN_UNINITIALIZED_AUTOS = YES_AGGRESSIVE;
				GCC_WARN_UNUSED_FUNCTION = YES;
				GCC_WARN_UNUSED_VARIABLE = YES;
				IPHONEOS_DEPLOYMENT_TARGET = 12.1;
				MTL_ENABLE_DEBUG_INFO = INCLUDE_SOURCE;
				MTL_FAST_MATH = YES;
				ONLY_ACTIVE_ARCH = YES;
				SDKROOT = iphoneos;
				SWIFT_ACTIVE_COMPILATION_CONDITIONS = DEBUG;
				SWIFT_OPTIMIZATION_LEVEL = "-Onone";
				SWIFT_VERSION = 4.2;
			};
			name = Debug;
		};
		8D7F1BE52225753400E17A10 /* Release */ = {
			isa = XCBuildConfiguration;
			buildSettings = {
				ALWAYS_SEARCH_USER_PATHS = NO;
				CLANG_ANALYZER_NONNULL = YES;
				CLANG_ANALYZER_NUMBER_OBJECT_CONVERSION = YES_AGGRESSIVE;
				CLANG_CXX_LANGUAGE_STANDARD = "gnu++14";
				CLANG_CXX_LIBRARY = "libc++";
				CLANG_ENABLE_MODULES = YES;
				CLANG_ENABLE_OBJC_ARC = YES;
				CLANG_ENABLE_OBJC_WEAK = YES;
				CLANG_WARN_BLOCK_CAPTURE_AUTORELEASING = YES;
				CLANG_WARN_BOOL_CONVERSION = YES;
				CLANG_WARN_COMMA = YES;
				CLANG_WARN_CONSTANT_CONVERSION = YES;
				CLANG_WARN_DEPRECATED_OBJC_IMPLEMENTATIONS = YES;
				CLANG_WARN_DIRECT_OBJC_ISA_USAGE = YES_ERROR;
				CLANG_WARN_DOCUMENTATION_COMMENTS = YES;
				CLANG_WARN_EMPTY_BODY = YES;
				CLANG_WARN_ENUM_CONVERSION = YES;
				CLANG_WARN_INFINITE_RECURSION = YES;
				CLANG_WARN_INT_CONVERSION = YES;
				CLANG_WARN_NON_LITERAL_NULL_CONVERSION = YES;
				CLANG_WARN_OBJC_IMPLICIT_RETAIN_SELF = YES;
				CLANG_WARN_OBJC_LITERAL_CONVERSION = YES;
				CLANG_WARN_OBJC_ROOT_CLASS = YES_ERROR;
				CLANG_WARN_RANGE_LOOP_ANALYSIS = YES;
				CLANG_WARN_STRICT_PROTOTYPES = YES;
				CLANG_WARN_SUSPICIOUS_MOVE = YES;
				CLANG_WARN_UNGUARDED_AVAILABILITY = YES_AGGRESSIVE;
				CLANG_WARN_UNREACHABLE_CODE = YES;
				CLANG_WARN__DUPLICATE_METHOD_MATCH = YES;
				CODE_SIGN_IDENTITY = "iPhone Developer";
				COPY_PHASE_STRIP = NO;
				DEBUG_INFORMATION_FORMAT = "dwarf-with-dsym";
				ENABLE_NS_ASSERTIONS = NO;
				ENABLE_STRICT_OBJC_MSGSEND = YES;
				GCC_C_LANGUAGE_STANDARD = gnu11;
				GCC_NO_COMMON_BLOCKS = YES;
				GCC_WARN_64_TO_32_BIT_CONVERSION = YES;
				GCC_WARN_ABOUT_RETURN_TYPE = YES_ERROR;
				GCC_WARN_UNDECLARED_SELECTOR = YES;
				GCC_WARN_UNINITIALIZED_AUTOS = YES_AGGRESSIVE;
				GCC_WARN_UNUSED_FUNCTION = YES;
				GCC_WARN_UNUSED_VARIABLE = YES;
				IPHONEOS_DEPLOYMENT_TARGET = 12.1;
				MTL_ENABLE_DEBUG_INFO = NO;
				MTL_FAST_MATH = YES;
				SDKROOT = iphoneos;
				SWIFT_COMPILATION_MODE = wholemodule;
				SWIFT_OPTIMIZATION_LEVEL = "-O";
				SWIFT_VERSION = 4.2;
				VALIDATE_PRODUCT = YES;
			};
			name = Release;
		};
		8D7F1BE72225753400E17A10 /* Debug */ = {
			isa = XCBuildConfiguration;
			baseConfigurationReference = 600C28598C85037DFEB89A4F /* Pods-DeliveryMobile.debug.xcconfig */;
			buildSettings = {
				ASSETCATALOG_COMPILER_APPICON_NAME = AppIcon;
				CLANG_ENABLE_MODULES = YES;
				CODE_SIGN_ENTITLEMENTS = DeliveryMobile/DeliveryMobile.entitlements;
				CODE_SIGN_STYLE = Automatic;
				DEVELOPMENT_TEAM = T52TSLLDVY;
				INFOPLIST_FILE = DeliveryMobile/Info.plist;
				IPHONEOS_DEPLOYMENT_TARGET = 12.1;
				LD_RUNPATH_SEARCH_PATHS = (
					"$(inherited)",
					"@executable_path/Frameworks",
				);
				PRODUCT_BUNDLE_IDENTIFIER = com.cuongpham.DeliveryMobile;
				PRODUCT_NAME = "$(TARGET_NAME)";
				SWIFT_OBJC_BRIDGING_HEADER = "DeliveryMobile/DeliveryMobile-Bridging-Header.h";
				SWIFT_OPTIMIZATION_LEVEL = "-Onone";
				SWIFT_VERSION = 5.0;
				TARGETED_DEVICE_FAMILY = 1;
			};
			name = Debug;
		};
		8D7F1BE82225753400E17A10 /* Release */ = {
			isa = XCBuildConfiguration;
			baseConfigurationReference = 2FAB5048E3BFA63C06F921C7 /* Pods-DeliveryMobile.release.xcconfig */;
			buildSettings = {
				ASSETCATALOG_COMPILER_APPICON_NAME = AppIcon;
				CLANG_ENABLE_MODULES = YES;
				CODE_SIGN_ENTITLEMENTS = DeliveryMobile/DeliveryMobile.entitlements;
				CODE_SIGN_STYLE = Automatic;
				DEVELOPMENT_TEAM = T52TSLLDVY;
				INFOPLIST_FILE = DeliveryMobile/Info.plist;
				IPHONEOS_DEPLOYMENT_TARGET = 12.1;
				LD_RUNPATH_SEARCH_PATHS = (
					"$(inherited)",
					"@executable_path/Frameworks",
				);
				PRODUCT_BUNDLE_IDENTIFIER = com.cuongpham.DeliveryMobile;
				PRODUCT_NAME = "$(TARGET_NAME)";
				SWIFT_OBJC_BRIDGING_HEADER = "DeliveryMobile/DeliveryMobile-Bridging-Header.h";
				SWIFT_VERSION = 5.0;
				TARGETED_DEVICE_FAMILY = 1;
			};
			name = Release;
		};
/* End XCBuildConfiguration section */

/* Begin XCConfigurationList section */
		8D7F1BCF2225753200E17A10 /* Build configuration list for PBXProject "DeliveryMobile" */ = {
			isa = XCConfigurationList;
			buildConfigurations = (
				8D7F1BE42225753400E17A10 /* Debug */,
				8D7F1BE52225753400E17A10 /* Release */,
			);
			defaultConfigurationIsVisible = 0;
			defaultConfigurationName = Release;
		};
		8D7F1BE62225753400E17A10 /* Build configuration list for PBXNativeTarget "DeliveryMobile" */ = {
			isa = XCConfigurationList;
			buildConfigurations = (
				8D7F1BE72225753400E17A10 /* Debug */,
				8D7F1BE82225753400E17A10 /* Release */,
			);
			defaultConfigurationIsVisible = 0;
			defaultConfigurationName = Release;
		};
/* End XCConfigurationList section */
	};
	rootObject = 8D7F1BCC2225753200E17A10 /* Project object */;
}
